
Microsoft Visual Studio Solution File, Format Version 12.00
# Visual Studio Version 17
VisualStudioVersion = 17.3.32922.545
MinimumVisualStudioVersion = 10.0.40219.1
Project("{FAE04EC0-301F-11D3-BF4B-00C04F79EFBC}") = "dependency Injection constructor", "dependency Injection constructor\dependency Injection constructor.csproj", "{2EA2683C-B158-4AED-B94B-F88D49C6F94E}"
EndProject
Global
	GlobalSection(SolutionConfigurationPlatforms) = preSolution
		Debug|Any CPU = Debug|Any CPU
		Release|Any CPU = Release|Any CPU
	EndGlobalSection
	GlobalSection(ProjectConfigurationPlatforms) = postSolution
		{2EA2683C-B158-4AED-B94B-F88D49C6F94E}.Debug|Any CPU.ActiveCfg = Debug|Any CPU
		{2EA2683C-B158-4AED-B94B-F88D49C6F94E}.Debug|Any CPU.Build.0 = Debug|Any CPU
		{2EA2683C-B158-4AED-B94B-F88D49C6F94E}.Release|Any CPU.ActiveCfg = Release|Any CPU
		{2EA2683C-B158-4AED-B94B-F88D49C6F94E}.Release|Any CPU.Build.0 = Release|Any CPU
	EndGlobalSection
	GlobalSection(SolutionProperties) = preSolution
		HideSolutionNode = FALSE
	EndGlobalSection
	GlobalSection(ExtensibilityGlobals) = postSolution
		SolutionGuid = {C182A46D-41A2-40F7-8B80-6C372E6B2C35}
	EndGlobalSection
EndGlobal
